
Microsoft Visual Studio Solution File, Format Version 12.00
# Visual Studio Version 17
VisualStudioVersion = 17.5.33530.505
MinimumVisualStudioVersion = 10.0.40219.1
Project("{9A19103F-16F7-4668-BE54-9A1E7A4F7556}") = "Client_Webapp", "Client_Webapp\Client_Webapp.csproj", "{DF43D879-D46D-4AB3-B26C-EA8C4DF13610}"
EndProject
Project("{2150E333-8FDC-42A3-9474-1A3956D46DE8}") = "Solution Items", "Solution Items", "{5E7DAB2F-E4BE-4CF6-BAA1-1F219EDE92DC}"
	ProjectSection(SolutionItems) = preProject
		.editorconfig = .editorconfig
	EndProjectSection
EndProject
Global
	GlobalSection(SolutionConfigurationPlatforms) = preSolution
		Debug|Any CPU = Debug|Any CPU
		Release|Any CPU = Release|Any CPU
	EndGlobalSection
	GlobalSection(ProjectConfigurationPlatforms) = postSolution
		{DF43D879-D46D-4AB3-B26C-EA8C4DF13610}.Debug|Any CPU.ActiveCfg = Debug|Any CPU
		{DF43D879-D46D-4AB3-B26C-EA8C4DF13610}.Debug|Any CPU.Build.0 = Debug|Any CPU
		{DF43D879-D46D-4AB3-B26C-EA8C4DF13610}.Release|Any CPU.ActiveCfg = Release|Any CPU
		{DF43D879-D46D-4AB3-B26C-EA8C4DF13610}.Release|Any CPU.Build.0 = Release|Any CPU
	EndGlobalSection
	GlobalSection(SolutionProperties) = preSolution
		HideSolutionNode = FALSE
	EndGlobalSection
	GlobalSection(ExtensibilityGlobals) = postSolution
		SolutionGuid = {685DFC88-8E8E-4EFE-9F2F-01EE37217692}
	EndGlobalSection
EndGlobal
